
Microsoft Visual Studio Solution File, Format Version 12.00
# Visual Studio 15
Project("{FAE04EC0-301F-11D3-BF4B-00C04F79EFBC}") = "smartCop", "smartCop\smartCop.csproj", "{AA2E1D0F-D30C-4501-8D8F-9A9B05AD7F6F}"
EndProject
Global
	GlobalSection(SolutionConfigurationPlatforms) = preSolution
		Debug|x86 = Debug|x86
		Release|x86 = Release|x86
	EndGlobalSection
	GlobalSection(ProjectConfigurationPlatforms) = postSolution
		{AA2E1D0F-D30C-4501-8D8F-9A9B05AD7F6F}.Debug|x86.ActiveCfg = Debug|x86
		{AA2E1D0F-D30C-4501-8D8F-9A9B05AD7F6F}.Debug|x86.Build.0 = Debug|x86
		{AA2E1D0F-D30C-4501-8D8F-9A9B05AD7F6F}.Release|x86.ActiveCfg = Release|x86
		{AA2E1D0F-D30C-4501-8D8F-9A9B05AD7F6F}.Release|x86.Build.0 = Release|x86
	EndGlobalSection
EndGlobal
